// !$*UTF8*$!
{
	archiveVersion = 1;
	classes = {
	};
	objectVersion = 55;
	objects = {

/* Begin PBXBuildFile section */
		FE48CDA326D27F6D00EAAF7D /* AppDelegate.swift in Sources */ = {isa = PBXBuildFile; fileRef = FE48CDA226D27F6D00EAAF7D /* AppDelegate.swift */; };
		FE48CDA526D27F6D00EAAF7D /* SceneDelegate.swift in Sources */ = {isa = PBXBuildFile; fileRef = FE48CDA426D27F6D00EAAF7D /* SceneDelegate.swift */; };
		FE48CDA726D27F6D00EAAF7D /* ViewController.swift in Sources */ = {isa = PBXBuildFile; fileRef = FE48CDA626D27F6D00EAAF7D /* ViewController.swift */; };
		FE48CDAA26D27F6D00EAAF7D /* Main.storyboard in Resources */ = {isa = PBXBuildFile; fileRef = FE48CDA826D27F6D00EAAF7D /* Main.storyboard */; };
		FE48CDAC26D27F7100EAAF7D /* Assets.xcassets in Resources */ = {isa = PBXBuildFile; fileRef = FE48CDAB26D27F7100EAAF7D /* Assets.xcassets */; };
		FE48CDAF26D27F7100EAAF7D /* LaunchScreen.storyboard in Resources */ = {isa = PBXBuildFile; fileRef = FE48CDAD26D27F7100EAAF7D /* LaunchScreen.storyboard */; };
		FE48CDBA26D27F7200EAAF7D /* PreworkTests.swift in Sources */ = {isa = PBXBuildFile; fileRef = FE48CDB926D27F7200EAAF7D /* PreworkTests.swift */; };
		FE48CDC426D27F7200EAAF7D /* PreworkUITests.swift in Sources */ = {isa = PBXBuildFile; fileRef = FE48CDC326D27F7200EAAF7D /* PreworkUITests.swift */; };
/* End PBXBuildFile section */

/* Begin PBXContainerItemProxy section */
		FE48CDB626D27F7200EAAF7D /* PBXContainerItemProxy */ = {
			isa = PBXContainerItemProxy;
			containerPortal = FE48CD9726D27F6D00EAAF7D /* Project object */;
			proxyType = 1;
			remoteGlobalIDString = FE48CD9E26D27F6D00EAAF7D;
			remoteInfo = Prework;
		};
		FE48CDC026D27F7200EAAF7D /* PBXContainerItemProxy */ = {
			isa = PBXContainerItemProxy;
			containerPortal = FE48CD9726D27F6D00EAAF7D /* Project object */;
			proxyType = 1;
			remoteGlobalIDString = FE48CD9E26D27F6D00EAAF7D;
			remoteInfo = Prework;
		};
/* End PBXContainerItemProxy section */

/* Begin PBXFileReference section */
		FE48CD9F26D27F6D00EAAF7D /* Prework.app */ = {isa = PBXFileReference; explicitFileType = wrapper.application; includeInIndex = 0; path = Prework.app; sourceTree = BUILT_PRODUCTS_DIR; };
		FE48CDA226D27F6D00EAAF7D /* AppDelegate.swift */ = {isa = PBXFileReference; lastKnownFileType = sourcecode.swift; path = AppDelegate.swift; sourceTree = "<group>"; };
		FE48CDA426D27F6D00EAAF7D /* SceneDelegate.swift */ = {isa = PBXFileReference; lastKnownFileType = sourcecode.swift; path = SceneDelegate.swift; sourceTree = "<group>"; };
		FE48CDA626D27F6D00EAAF7D /* ViewController.swift */ = {isa = PBXFileReference; lastKnownFileType = sourcecode.swift; path = ViewController.swift; sourceTree = "<group>"; };
		FE48CDA926D27F6D00EAAF7D /* Base */ = {isa = PBXFileReference; lastKnownFileType = file.storyboard; name = Base; path = Base.lproj/Main.storyboard; sourceTree = "<group>"; };
		FE48CDAB26D27F7100EAAF7D /* Assets.xcassets */ = {isa = PBXFileReference; lastKnownFileType = folder.assetcatalog; path = Assets.xcassets; sourceTree = "<group>"; };
		FE48CDAE26D27F7100EAAF7D /* Base */ = {isa = PBXFileReference; lastKnownFileType = file.storyboard; name = Base; path = Base.lproj/LaunchScreen.storyboard; sourceTree = "<group>"; };
		FE48CDB026D27F7100EAAF7D /* Info.plist */ = {isa = PBXFileReference; lastKnownFileType = text.plist.xml; path = Info.plist; sourceTree = "<group>"; };
		FE48CDB526D27F7200EAAF7D /* PreworkTests.xctest */ = {isa = PBXFileReference; explicitFileType = wrapper.cfbundle; includeInIndex = 0; path = PreworkTests.xctest; sourceTree = BUILT_PRODUCTS_DIR; };
		FE48CDB926D27F7200EAAF7D /* PreworkTests.swift */ = {isa = PBXFileReference; lastKnownFileType = sourcecode.swift; path = PreworkTests.swift; sourceTree = "<group>"; };
		FE48CDBF26D27F7200EAAF7D /* PreworkUITests.xctest */ = {isa = PBXFileReference; explicitFileType = wrapper.cfbundle; includeInIndex = 0; path = PreworkUITests.xctest; sourceTree = BUILT_PRODUCTS_DIR; };
		FE48CDC326D27F7200EAAF7D /* PreworkUITests.swift */ = {isa = PBXFileReference; lastKnownFileType = sourcecode.swift; path = PreworkUITests.swift; sourceTree = "<group>"; };
/* End PBXFileReference section */

/* Begin PBXFrameworksBuildPhase section */
		FE48CD9C26D27F6D00EAAF7D /* Frameworks */ = {
			isa = PBXFrameworksBuildPhase;
			buildActionMask = 2147483647;
			files = (
			);
			runOnlyForDeploymentPostprocessing = 0;
		};
		FE48CDB226D27F7200EAAF7D /* Frameworks */ = {
			isa = PBXFrameworksBuildPhase;
			buildActionMask = 2147483647;
			files = (
			);
			runOnlyForDeploymentPostprocessing = 0;
		};
		FE48CDBC26D27F7200EAAF7D /* Frameworks */ = {
			isa = PBXFrameworksBuildPhase;
			buildActionMask = 2147483647;
			files = (
			);
			runOnlyForDeploymentPostprocessing = 0;
		};
/* End PBXFrameworksBuildPhase section */

/* Begin PBXGroup section */
		FE48CD9626D27F6D00EAAF7D = {
			isa = PBXGroup;
			children = (
				FE48CDA126D27F6D00EAAF7D /* Prework */,
				FE48CDB826D27F7200EAAF7D /* PreworkTests */,
				FE48CDC226D27F7200EAAF7D /* PreworkUITests */,
				FE48CDA026D27F6D00EAAF7D /* Products */,
			);
			sourceTree = "<group>";
		};
		FE48CDA026D27F6D00EAAF7D /* Products */ = {
			isa = PBXGroup;
			children = (
				FE48CD9F26D27F6D00EAAF7D /* Prework.app */,
				FE48CDB526D27F7200EAAF7D /* PreworkTests.xctest */,
				FE48CDBF26D27F7200EAAF7D /* PreworkUITests.xctest */,
			);
			name = Products;
			sourceTree = "<group>";
		};
		FE48CDA126D27F6D00EAAF7D /* Prework */ = {
			isa = PBXGroup;
			children = (
				FE48CDA226D27F6D00EAAF7D /* AppDelegate.swift */,
				FE48CDA426D27F6D00EAAF7D /* SceneDelegate.swift */,
				FE48CDA626D27F6D00EAAF7D /* ViewController.swift */,
				FE48CDA826D27F6D00EAAF7D /* Main.storyboard */,
				FE48CDAB26D27F7100EAAF7D /* Assets.xcassets */,
				FE48CDAD26D27F7100EAAF7D /* LaunchScreen.storyboard */,
				FE48CDB026D27F7100EAAF7D /* Info.plist */,
			);
			path = Prework;
			sourceTree = "<group>";
		};
		FE48CDB826D27F7200EAAF7D /* PreworkTests */ = {
			isa = PBXGroup;
			children = (
				FE48CDB926D27F7200EAAF7D /* PreworkTests.swift */,
			);
			path = PreworkTests;
			sourceTree = "<group>";
		};
		FE48CDC226D27F7200EAAF7D /* PreworkUITests */ = {
			isa = PBXGroup;
			children = (
				FE48CDC326D27F7200EAAF7D /* PreworkUITests.swift */,
			);
			path = PreworkUITests;
			sourceTree = "<group>";
		};
/* End PBXGroup section */

/* Begin PBXNativeTarget section */
		FE48CD9E26D27F6D00EAAF7D /* Prework */ = {
			isa = PBXNativeTarget;
			buildConfigurationList = FE48CDC726D27F7200EAAF7D /* Build configuration list for PBXNativeTarget "Prework" */;
			buildPhases = (
				FE48CD9B26D27F6D00EAAF7D /* Sources */,
				FE48CD9C26D27F6D00EAAF7D /* Frameworks */,
				FE48CD9D26D27F6D00EAAF7D /* Resources */,
			);
			buildRules = (
			);
			dependencies = (
			);
			name = Prework;
			productName = Prework;
			productReference = FE48CD9F26D27F6D00EAAF7D /* Prework.app */;
			productType = "com.apple.product-type.application";
		};
		FE48CDB426D27F7200EAAF7D /* PreworkTests */ = {
			isa = PBXNativeTarget;
			buildConfigurationList = FE48CDCA26D27F7200EAAF7D /* Build configuration list for PBXNativeTarget "PreworkTests" */;
			buildPhases = (
				FE48CDB126D27F7200EAAF7D /* Sources */,
				FE48CDB226D27F7200EAAF7D /* Frameworks */,
				FE48CDB326D27F7200EAAF7D /* Resources */,
			);
			buildRules = (
			);
			dependencies = (
				FE48CDB726D27F7200EAAF7D /* PBXTargetDependency */,
			);
			name = PreworkTests;
			productName = PreworkTests;
			productReference = FE48CDB526D27F7200EAAF7D /* PreworkTests.xctest */;
			productType = "com.apple.product-type.bundle.unit-test";
		};
		FE48CDBE26D27F7200EAAF7D /* PreworkUITests */ = {
			isa = PBXNativeTarget;
			buildConfigurationList = FE48CDCD26D27F7200EAAF7D /* Build configuration list for PBXNativeTarget "PreworkUITests" */;
			buildPhases = (
				FE48CDBB26D27F7200EAAF7D /* Sources */,
				FE48CDBC26D27F7200EAAF7D /* Frameworks */,
				FE48CDBD26D27F7200EAAF7D /* Resources */,
			);
			buildRules = (
			);
			dependencies = (
				FE48CDC126D27F7200EAAF7D /* PBXTargetDependency */,
			);
			name = PreworkUITests;
			productName = PreworkUITests;
			productReference = FE48CDBF26D27F7200EAAF7D /* PreworkUITests.xctest */;
			productType = "com.apple.product-type.bundle.ui-testing";
		};
/* End PBXNativeTarget section */

/* Begin PBXProject section */
		FE48CD9726D27F6D00EAAF7D /* Project object */ = {
			isa = PBXProject;
			attributes = {
				BuildIndependentTargetsInParallel = 1;
				LastSwiftUpdateCheck = 1300;
				LastUpgradeCheck = 1300;
				TargetAttributes = {
					FE48CD9E26D27F6D00EAAF7D = {
						CreatedOnToolsVersion = 13.0;
					};
					FE48CDB426D27F7200EAAF7D = {
						CreatedOnToolsVersion = 13.0;
						TestTargetID = FE48CD9E26D27F6D00EAAF7D;
					};
					FE48CDBE26D27F7200EAAF7D = {
						CreatedOnToolsVersion = 13.0;
						TestTargetID = FE48CD9E26D27F6D00EAAF7D;
					};
				};
			};
			buildConfigurationList = FE48CD9A26D27F6D00EAAF7D /* Build configuration list for PBXProject "Prework" */;
			compatibilityVersion = "Xcode 13.0";
			developmentRegion = en;
			hasScannedForEncodings = 0;
			knownRegions = (
				en,
				Base,
			);
			mainGroup = FE48CD9626D27F6D00EAAF7D;
			productRefGroup = FE48CDA026D27F6D00EAAF7D /* Products */;
			projectDirPath = "";
			projectRoot = "";
			targets = (
				FE48CD9E26D27F6D00EAAF7D /* Prework */,
				FE48CDB426D27F7200EAAF7D /* PreworkTests */,
				FE48CDBE26D27F7200EAAF7D /* PreworkUITests */,
			);
		};
/* End PBXProject section */

/* Begin PBXResourcesBuildPhase section */
		FE48CD9D26D27F6D00EAAF7D /* Resources */ = {
			isa = PBXResourcesBuildPhase;
			buildActionMask = 2147483647;
			files = (
				FE48CDAF26D27F7100EAAF7D /* LaunchScreen.storyboard in Resources */,
				FE48CDAC26D27F7100EAAF7D /* Assets.xcassets in Resources */,
				FE48CDAA26D27F6D00EAAF7D /* Main.storyboard in Resources */,
			);
			runOnlyForDeploymentPostprocessing = 0;
		};
		FE48CDB326D27F7200EAAF7D /* Resources */ = {
			isa = PBXResourcesBuildPhase;
			buildActionMask = 2147483647;
			files = (
			);
			runOnlyForDeploymentPostprocessing = 0;
		};
		FE48CDBD26D27F7200EAAF7D /* Resources */ = {
			isa = PBXResourcesBuildPhase;
			buildActionMask = 2147483647;
			files = (
			);
			runOnlyForDeploymentPostprocessing = 0;
		};
/* End PBXResourcesBuildPhase section */

/* Begin PBXSourcesBuildPhase section */
		FE48CD9B26D27F6D00EAAF7D /* Sources */ = {
			isa = PBXSourcesBuildPhase;
			buildActionMask = 2147483647;
			files = (
				FE48CDA726D27F6D00EAAF7D /* ViewController.swift in Sources */,
				FE48CDA326D27F6D00EAAF7D /* AppDelegate.swift in Sources */,
				FE48CDA526D27F6D00EAAF7D /* SceneDelegate.swift in Sources */,
			);
			runOnlyForDeploymentPostprocessing = 0;
		};
		FE48CDB126D27F7200EAAF7D /* Sources */ = {
			isa = PBXSourcesBuildPhase;
			buildActionMask = 2147483647;
			files = (
				FE48CDBA26D27F7200EAAF7D /* PreworkTests.swift in Sources */,
			);
			runOnlyForDeploymentPostprocessing = 0;
		};
		FE48CDBB26D27F7200EAAF7D /* Sources */ = {
			isa = PBXSourcesBuildPhase;
			buildActionMask = 2147483647;
			files = (
				FE48CDC426D27F7200EAAF7D /* PreworkUITests.swift in Sources */,
			);
			runOnlyForDeploymentPostprocessing = 0;
		};
/* End PBXSourcesBuildPhase section */

/* Begin PBXTargetDependency section */
		FE48CDB726D27F7200EAAF7D /* PBXTargetDependency */ = {
			isa = PBXTargetDependency;
			target = FE48CD9E26D27F6D00EAAF7D /* Prework */;
			targetProxy = FE48CDB626D27F7200EAAF7D /* PBXContainerItemProxy */;
		};
		FE48CDC126D27F7200EAAF7D /* PBXTargetDependency */ = {
			isa = PBXTargetDependency;
			target = FE48CD9E26D27F6D00EAAF7D /* Prework */;
			targetProxy = FE48CDC026D27F7200EAAF7D /* PBXContainerItemProxy */;
		};
/* End PBXTargetDependency section */

/* Begin PBXVariantGroup section */
		FE48CDA826D27F6D00EAAF7D /* Main.storyboard */ = {
			isa = PBXVariantGroup;
			children = (
				FE48CDA926D27F6D00EAAF7D /* Base */,
			);
			name = Main.storyboard;
			sourceTree = "<group>";
		};
		FE48CDAD26D27F7100EAAF7D /* LaunchScreen.storyboard */ = {
			isa = PBXVariantGroup;
			children = (
				FE48CDAE26D27F7100EAAF7D /* Base */,
			);
			name = LaunchScreen.storyboard;
			sourceTree = "<group>";
		};
/* End PBXVariantGroup section */

/* Begin XCBuildConfiguration section */
		FE48CDC526D27F7200EAAF7D /* Debug */ = {
			isa = XCBuildConfiguration;
			buildSettings = {
				ALWAYS_SEARCH_USER_PATHS = NO;
				CLANG_ANALYZER_NONNULL = YES;
				CLANG_ANALYZER_NUMBER_OBJECT_CONVERSION = YES_AGGRESSIVE;
				CLANG_CXX_LANGUAGE_STANDARD = "gnu++17";
				CLANG_CXX_LIBRARY = "libc++";
				CLANG_ENABLE_MODULES = YES;
				CLANG_ENABLE_OBJC_ARC = YES;
				CLANG_ENABLE_OBJC_WEAK = YES;
				CLANG_WARN_BLOCK_CAPTURE_AUTORELEASING = YES;
				CLANG_WARN_BOOL_CONVERSION = YES;
				CLANG_WARN_COMMA = YES;
				CLANG_WARN_CONSTANT_CONVERSION = YES;
				CLANG_WARN_DEPRECATED_OBJC_IMPLEMENTATIONS = YES;
				CLANG_WARN_DIRECT_OBJC_ISA_USAGE = YES_ERROR;
				CLANG_WARN_DOCUMENTATION_COMMENTS = YES;
				CLANG_WARN_EMPTY_BODY = YES;
				CLANG_WARN_ENUM_CONVERSION = YES;
				CLANG_WARN_INFINITE_RECURSION = YES;
				CLANG_WARN_INT_CONVERSION = YES;
				CLANG_WARN_NON_LITERAL_NULL_CONVERSION = YES;
				CLANG_WARN_OBJC_IMPLICIT_RETAIN_SELF = YES;
				CLANG_WARN_OBJC_LITERAL_CONVERSION = YES;
				CLANG_WARN_OBJC_ROOT_CLASS = YES_ERROR;
				CLANG_WARN_QUOTED_INCLUDE_IN_FRAMEWORK_HEADER = YES;
				CLANG_WARN_RANGE_LOOP_ANALYSIS = YES;
				CLANG_WARN_STRICT_PROTOTYPES = YES;
				CLANG_WARN_SUSPICIOUS_MOVE = YES;
				CLANG_WARN_UNGUARDED_AVAILABILITY = YES_AGGRESSIVE;
				CLANG_WARN_UNREACHABLE_CODE = YES;
				CLANG_WARN__DUPLICATE_METHOD_MATCH = YES;
				COPY_PHASE_STRIP = NO;
				DEBUG_INFORMATION_FORMAT = dwarf;
				ENABLE_STRICT_OBJC_MSGSEND = YES;
				ENABLE_TESTABILITY = YES;
				GCC_C_LANGUAGE_STANDARD = gnu11;
				GCC_DYNAMIC_NO_PIC = NO;
				GCC_NO_COMMON_BLOCKS = YES;
				GCC_OPTIMIZATION_LEVEL = 0;
				GCC_PREPROCESSOR_DEFINITIONS = (
					"DEBUG=1",
					"$(inherited)",
				);
				GCC_WARN_64_TO_32_BIT_CONVERSION = YES;
				GCC_WARN_ABOUT_RETURN_TYPE = YES_ERROR;
				GCC_WARN_UNDECLARED_SELECTOR = YES;
				GCC_WARN_UNINITIALIZED_AUTOS = YES_AGGRESSIVE;
				GCC_WARN_UNUSED_FUNCTION = YES;
				GCC_WARN_UNUSED_VARIABLE = YES;
				IPHONEOS_DEPLOYMENT_TARGET = 15.0;
				MTL_ENABLE_DEBUG_INFO = INCLUDE_SOURCE;
				MTL_FAST_MATH = YES;
				ONLY_ACTIVE_ARCH = YES;
				SDKROOT = iphoneos;
				SWIFT_ACTIVE_COMPILATION_CONDITIONS = DEBUG;
				SWIFT_OPTIMIZATION_LEVEL = "-Onone";
			};
			name = Debug;
		};
		FE48CDC626D27F7200EAAF7D /* Release */ = {
			isa = XCBuildConfiguration;
			buildSettings = {
				ALWAYS_SEARCH_USER_PATHS = NO;
				CLANG_ANALYZER_NONNULL = YES;
				CLANG_ANALYZER_NUMBER_OBJECT_CONVERSION = YES_AGGRESSIVE;
				CLANG_CXX_LANGUAGE_STANDARD = "gnu++17";
				CLANG_CXX_LIBRARY = "libc++";
				CLANG_ENABLE_MODULES = YES;
				CLANG_ENABLE_OBJC_ARC = YES;
				CLANG_ENABLE_OBJC_WEAK = YES;
				CLANG_WARN_BLOCK_CAPTURE_AUTORELEASING = YES;
				CLANG_WARN_BOOL_CONVERSION = YES;
				CLANG_WARN_COMMA = YES;
				CLANG_WARN_CONSTANT_CONVERSION = YES;
				CLANG_WARN_DEPRECATED_OBJC_IMPLEMENTATIONS = YES;
				CLANG_WARN_DIRECT_OBJC_ISA_USAGE = YES_ERROR;
				CLANG_WARN_DOCUMENTATION_COMMENTS = YES;
				CLANG_WARN_EMPTY_BODY = YES;
				CLANG_WARN_ENUM_CONVERSION = YES;
				CLANG_WARN_INFINITE_RECURSION = YES;
				CLANG_WARN_INT_CONVERSION = YES;
				CLANG_WARN_NON_LITERAL_NULL_CONVERSION = YES;
				CLANG_WARN_OBJC_IMPLICIT_RETAIN_SELF = YES;
				CLANG_WARN_OBJC_LITERAL_CONVERSION = YES;
				CLANG_WARN_OBJC_ROOT_CLASS = YES_ERROR;
				CLANG_WARN_QUOTED_INCLUDE_IN_FRAMEWORK_HEADER = YES;
				CLANG_WARN_RANGE_LOOP_ANALYSIS = YES;
				CLANG_WARN_STRICT_PROTOTYPES = YES;
				CLANG_WARN_SUSPICIOUS_MOVE = YES;
				CLANG_WARN_UNGUARDED_AVAILABILITY = YES_AGGRESSIVE;
				CLANG_WARN_UNREACHABLE_CODE = YES;
				CLANG_WARN__DUPLICATE_METHOD_MATCH = YES;
				COPY_PHASE_STRIP = NO;
				DEBUG_INFORMATION_FORMAT = "dwarf-with-dsym";
				ENABLE_NS_ASSERTIONS = NO;
				ENABLE_STRICT_OBJC_MSGSEND = YES;
				GCC_C_LANGUAGE_STANDARD = gnu11;
				GCC_NO_COMMON_BLOCKS = YES;
				GCC_WARN_64_TO_32_BIT_CONVERSION = YES;
				GCC_WARN_ABOUT_RETURN_TYPE = YES_ERROR;
				GCC_WARN_UNDECLARED_SELECTOR = YES;
				GCC_WARN_UNINITIALIZED_AUTOS = YES_AGGRESSIVE;
				GCC_WARN_UNUSED_FUNCTION = YES;
				GCC_WARN_UNUSED_VARIABLE = YES;
				IPHONEOS_DEPLOYMENT_TARGET = 15.0;
				MTL_ENABLE_DEBUG_INFO = NO;
				MTL_FAST_MATH = YES;
				SDKROOT = iphoneos;
				SWIFT_COMPILATION_MODE = wholemodule;
				SWIFT_OPTIMIZATION_LEVEL = "-O";
				VALIDATE_PRODUCT = YES;
			};
			name = Release;
		};
		FE48CDC826D27F7200EAAF7D /* Debug */ = {
			isa = XCBuildConfiguration;
			buildSettings = {
				ASSETCATALOG_COMPILER_APPICON_NAME = AppIcon;
				ASSETCATALOG_COMPILER_GLOBAL_ACCENT_COLOR_NAME = AccentColor;
				CODE_SIGN_STYLE = Automatic;
				CURRENT_PROJECT_VERSION = 1;
				GENERATE_INFOPLIST_FILE = YES;
				INFOPLIST_FILE = Prework/Info.plist;
				INFOPLIST_KEY_UIApplicationSupportsIndirectInputEvents = YES;
				INFOPLIST_KEY_UILaunchStoryboardName = LaunchScreen;
				INFOPLIST_KEY_UIMainStoryboardFile = Main;
				INFOPLIST_KEY_UISupportedInterfaceOrientations_iPad = "UIInterfaceOrientationPortrait UIInterfaceOrientationPortraitUpsideDown UIInterfaceOrientationLandscapeLeft UIInterfaceOrientationLandscapeRight";
				INFOPLIST_KEY_UISupportedInterfaceOrientations_iPhone = "UIInterfaceOrientationPortrait UIInterfaceOrientationLandscapeLeft UIInterfaceOrientationLandscapeRight";
				LD_RUNPATH_SEARCH_PATHS = (
					"$(inherited)",
					"@executable_path/Frameworks",
				);
				MARKETING_VERSION = 1.0;
				PRODUCT_BUNDLE_IDENTIFIER = ajoynicole.Prework;
				PRODUCT_NAME = "$(TARGET_NAME)";
				SWIFT_EMIT_LOC_STRINGS = YES;
				SWIFT_VERSION = 5.0;
				TARGETED_DEVICE_FAMILY = "1,2";
			};
			name = Debug;
		};
		FE48CDC926D27F7200EAAF7D /* Release */ = {
			isa = XCBuildConfiguration;
			buildSettings = {
				ASSETCATALOG_COMPILER_APPICON_NAME = AppIcon;
				ASSETCATALOG_COMPILER_GLOBAL_ACCENT_COLOR_NAME = AccentColor;
				CODE_SIGN_STYLE = Automatic;
				CURRENT_PROJECT_VERSION = 1;
				GENERATE_INFOPLIST_FILE = YES;
				INFOPLIST_FILE = Prework/Info.plist;
				INFOPLIST_KEY_UIApplicationSupportsIndirectInputEvents = YES;
				INFOPLIST_KEY_UILaunchStoryboardName = LaunchScreen;
				INFOPLIST_KEY_UIMainStoryboardFile = Main;
				INFOPLIST_KEY_UISupportedInterfaceOrientations_iPad = "UIInterfaceOrientationPortrait UIInterfaceOrientationPortraitUpsideDown UIInterfaceOrientationLandscapeLeft UIInterfaceOrientationLandscapeRight";
				INFOPLIST_KEY_UISupportedInterfaceOrientations_iPhone = "UIInterfaceOrientationPortrait UIInterfaceOrientationLandscapeLeft UIInterfaceOrientationLandscapeRight";
				LD_RUNPATH_SEARCH_PATHS = (
					"$(inherited)",
					"@executable_path/Frameworks",
				);
				MARKETING_VERSION = 1.0;
				PRODUCT_BUNDLE_IDENTIFIER = ajoynicole.Prework;
				PRODUCT_NAME = "$(TARGET_NAME)";
				SWIFT_EMIT_LOC_STRINGS = YES;
				SWIFT_VERSION = 5.0;
				TARGETED_DEVICE_FAMILY = "1,2";
			};
			name = Release;
		};
		FE48CDCB26D27F7200EAAF7D /* Debug */ = {
			isa = XCBuildConfiguration;
			buildSettings = {
				ALWAYS_EMBED_SWIFT_STANDARD_LIBRARIES = YES;
				BUNDLE_LOADER = "$(TEST_HOST)";
				CODE_SIGN_STYLE = Automatic;
				CURRENT_PROJECT_VERSION = 1;
				GENERATE_INFOPLIST_FILE = YES;
				IPHONEOS_DEPLOYMENT_TARGET = 15.0;
				LD_RUNPATH_SEARCH_PATHS = (
					"$(inherited)",
					"@executable_path/Frameworks",
					"@loader_path/Frameworks",
				);
				MARKETING_VERSION = 1.0;
				PRODUCT_BUNDLE_IDENTIFIER = ajoynicole.PreworkTests;
				PRODUCT_NAME = "$(TARGET_NAME)";
				SWIFT_EMIT_LOC_STRINGS = NO;
				SWIFT_VERSION = 5.0;
				TARGETED_DEVICE_FAMILY = "1,2";
				TEST_HOST = "$(BUILT_PRODUCTS_DIR)/Prework.app/Prework";
			};
			name = Debug;
		};
		FE48CDCC26D27F7200EAAF7D /* Release */ = {
			isa = XCBuildConfiguration;
			buildSettings = {
				ALWAYS_EMBED_SWIFT_STANDARD_LIBRARIES = YES;
				BUNDLE_LOADER = "$(TEST_HOST)";
				CODE_SIGN_STYLE = Automatic;
				CURRENT_PROJECT_VERSION = 1;
				GENERATE_INFOPLIST_FILE = YES;
				IPHONEOS_DEPLOYMENT_TARGET = 15.0;
				LD_RUNPATH_SEARCH_PATHS = (
					"$(inherited)",
					"@executable_path/Frameworks",
					"@loader_path/Frameworks",
				);
				MARKETING_VERSION = 1.0;
				PRODUCT_BUNDLE_IDENTIFIER = ajoynicole.PreworkTests;
				PRODUCT_NAME = "$(TARGET_NAME)";
				SWIFT_EMIT_LOC_STRINGS = NO;
				SWIFT_VERSION = 5.0;
				TARGETED_DEVICE_FAMILY = "1,2";
				TEST_HOST = "$(BUILT_PRODUCTS_DIR)/Prework.app/Prework";
			};
			name = Release;
		};
		FE48CDCE26D27F7200EAAF7D /* Debug */ = {
			isa = XCBuildConfiguration;
			buildSettings = {
				ALWAYS_EMBED_SWIFT_STANDARD_LIBRARIES = YES;
				CODE_SIGN_STYLE = Automatic;
				CURRENT_PROJECT_VERSION = 1;
				GENERATE_INFOPLIST_FILE = YES;
				LD_RUNPATH_SEARCH_PATHS = (
					"$(inherited)",
					"@executable_path/Frameworks",
					"@loader_path/Frameworks",
				);
				MARKETING_VERSION = 1.0;
				PRODUCT_BUNDLE_IDENTIFIER = ajoynicole.PreworkUITests;
				PRODUCT_NAME = "$(TARGET_NAME)";
				SWIFT_EMIT_LOC_STRINGS = NO;
				SWIFT_VERSION = 5.0;
				TARGETED_DEVICE_FAMILY = "1,2";
				TEST_TARGET_NAME = Prework;
			};
			name = Debug;
		};
		FE48CDCF26D27F7200EAAF7D /* Release */ = {
			isa = XCBuildConfiguration;
			buildSettings = {
				ALWAYS_EMBED_SWIFT_STANDARD_LIBRARIES = YES;
				CODE_SIGN_STYLE = Automatic;
				CURRENT_PROJECT_VERSION = 1;
				GENERATE_INFOPLIST_FILE = YES;
				LD_RUNPATH_SEARCH_PATHS = (
					"$(inherited)",
					"@executable_path/Frameworks",
					"@loader_path/Frameworks",
				);
				MARKETING_VERSION = 1.0;
				PRODUCT_BUNDLE_IDENTIFIER = ajoynicole.PreworkUITests;
				PRODUCT_NAME = "$(TARGET_NAME)";
				SWIFT_EMIT_LOC_STRINGS = NO;
				SWIFT_VERSION = 5.0;
				TARGETED_DEVICE_FAMILY = "1,2";
				TEST_TARGET_NAME = Prework;
			};
			name = Release;
		};
/* End XCBuildConfiguration section */

/* Begin XCConfigurationList section */
		FE48CD9A26D27F6D00EAAF7D /* Build configuration list for PBXProject "Prework" */ = {
			isa = XCConfigurationList;
			buildConfigurations = (
				FE48CDC526D27F7200EAAF7D /* Debug */,
				FE48CDC626D27F7200EAAF7D /* Release */,
			);
			defaultConfigurationIsVisible = 0;
			defaultConfigurationName = Release;
		};
		FE48CDC726D27F7200EAAF7D /* Build configuration list for PBXNativeTarget "Prework" */ = {
			isa = XCConfigurationList;
			buildConfigurations = (
				FE48CDC826D27F7200EAAF7D /* Debug */,
				FE48CDC926D27F7200EAAF7D /* Release */,
			);
			defaultConfigurationIsVisible = 0;
			defaultConfigurationName = Release;
		};
		FE48CDCA26D27F7200EAAF7D /* Build configuration list for PBXNativeTarget "PreworkTests" */ = {
			isa = XCConfigurationList;
			buildConfigurations = (
				FE48CDCB26D27F7200EAAF7D /* Debug */,
				FE48CDCC26D27F7200EAAF7D /* Release */,
			);
			defaultConfigurationIsVisible = 0;
			defaultConfigurationName = Release;
		};
		FE48CDCD26D27F7200EAAF7D /* Build configuration list for PBXNativeTarget "PreworkUITests" */ = {
			isa = XCConfigurationList;
			buildConfigurations = (
				FE48CDCE26D27F7200EAAF7D /* Debug */,
				FE48CDCF26D27F7200EAAF7D /* Release */,
			);
			defaultConfigurationIsVisible = 0;
			defaultConfigurationName = Release;
		};
/* End XCConfigurationList section */
	};
	rootObject = FE48CD9726D27F6D00EAAF7D /* Project object */;
}
